{
  "name": "viatab-frontend",
  "version": "1.0.0",
  "lockfileVersion": 2,
  "requires": true,
  "packages": {
    "": {
      "name": "viatab-frontend",
      "version": "1.0.0",
      "dependencies": {
        "react": "^18.2.0",
        "react-dom": "^18.2.0",
        "react-scripts": "5.0.1",
        "axios": "^1.6.0",
        "@testing-library/react": "^13.4.0",
        "@testing-library/jest-dom": "^5.16.4",
        "@testing-library/user-event": "^13.5.0"
      }
    }
  }
}